// !$*UTF8*$!
{
	archiveVersion = 1;
	classes = {
	};
	objectVersion = 46;
	objects = {

/* Begin PBXBuildFile section */
		0A5118A0D5A5CB37E4F0CC24 /* Pods_CocoaPodsTest.framework in Frameworks */ = {isa = PBXBuildFile; fileRef = 74D7E4784C67DF0B39A0042D /* Pods_CocoaPodsTest.framework */; };
		FA6E05DA1F7585F900C0FB56 /* AppDelegate.swift in Sources */ = {isa = PBXBuildFile; fileRef = FA6E05D91F7585F900C0FB56 /* AppDelegate.swift */; };
		FA6E05DC1F7585F900C0FB56 /* ViewController.swift in Sources */ = {isa = PBXBuildFile; fileRef = FA6E05DB1F7585F900C0FB56 /* ViewController.swift */; };
		FA6E05DF1F7585F900C0FB56 /* Main.storyboard in Resources */ = {isa = PBXBuildFile; fileRef = FA6E05DD1F7585F900C0FB56 /* Main.storyboard */; };
		FA6E05E11F7585F900C0FB56 /* Assets.xcassets in Resources */ = {isa = PBXBuildFile; fileRef = FA6E05E01F7585F900C0FB56 /* Assets.xcassets */; };
		FA6E05E41F7585F900C0FB56 /* LaunchScreen.storyboard in Resources */ = {isa = PBXBuildFile; fileRef = FA6E05E21F7585F900C0FB56 /* LaunchScreen.storyboard */; };
/* End PBXBuildFile section */

/* Begin PBXFileReference section */
		083453EB7F08D253817063DF /* Pods-CocoaPodsTest.debug.xcconfig */ = {isa = PBXFileReference; includeInIndex = 1; lastKnownFileType = text.xcconfig; name = "Pods-CocoaPodsTest.debug.xcconfig"; path = "Pods/Target Support Files/Pods-CocoaPodsTest/Pods-CocoaPodsTest.debug.xcconfig"; sourceTree = "<group>"; };
		36CAA5704C66686099D7D260 /* Pods-CocoaPodsTest.release.xcconfig */ = {isa = PBXFileReference; includeInIndex = 1; lastKnownFileType = text.xcconfig; name = "Pods-CocoaPodsTest.release.xcconfig"; path = "Pods/Target Support Files/Pods-CocoaPodsTest/Pods-CocoaPodsTest.release.xcconfig"; sourceTree = "<group>"; };
		74D7E4784C67DF0B39A0042D /* Pods_CocoaPodsTest.framework */ = {isa = PBXFileReference; explicitFileType = wrapper.framework; includeInIndex = 0; path = Pods_CocoaPodsTest.framework; sourceTree = BUILT_PRODUCTS_DIR; };
		FA6E05D61F7585F900C0FB56 /* CocoaPodsTest.app */ = {isa = PBXFileReference; explicitFileType = wrapper.application; includeInIndex = 0; path = CocoaPodsTest.app; sourceTree = BUILT_PRODUCTS_DIR; };
		FA6E05D91F7585F900C0FB56 /* AppDelegate.swift */ = {isa = PBXFileReference; lastKnownFileType = sourcecode.swift; path = AppDelegate.swift; sourceTree = "<group>"; };
		FA6E05DB1F7585F900C0FB56 /* ViewController.swift */ = {isa = PBXFileReference; lastKnownFileType = sourcecode.swift; path = ViewController.swift; sourceTree = "<group>"; };
		FA6E05DE1F7585F900C0FB56 /* Base */ = {isa = PBXFileReference; lastKnownFileType = file.storyboard; name = Base; path = Base.lproj/Main.storyboard; sourceTree = "<group>"; };
		FA6E05E01F7585F900C0FB56 /* Assets.xcassets */ = {isa = PBXFileReference; lastKnownFileType = folder.assetcatalog; path = Assets.xcassets; sourceTree = "<group>"; };
		FA6E05E31F7585F900C0FB56 /* Base */ = {isa = PBXFileReference; lastKnownFileType = file.storyboard; name = Base; path = Base.lproj/LaunchScreen.storyboard; sourceTree = "<group>"; };
		FA6E05E51F7585F900C0FB56 /* Info.plist */ = {isa = PBXFileReference; lastKnownFileType = text.plist.xml; path = Info.plist; sourceTree = "<group>"; };
/* End PBXFileReference section */

/* Begin PBXFrameworksBuildPhase section */
		FA6E05D31F7585F900C0FB56 /* Frameworks */ = {
			isa = PBXFrameworksBuildPhase;
			buildActionMask = 2147483647;
			files = (
				0A5118A0D5A5CB37E4F0CC24 /* Pods_CocoaPodsTest.framework in Frameworks */,
			);
			runOnlyForDeploymentPostprocessing = 0;
		};
/* End PBXFrameworksBuildPhase section */

/* Begin PBXGroup section */
		2AAF2113AC75EEF8ED586E50 /* Pods */ = {
			isa = PBXGroup;
			children = (
				083453EB7F08D253817063DF /* Pods-CocoaPodsTest.debug.xcconfig */,
				36CAA5704C66686099D7D260 /* Pods-CocoaPodsTest.release.xcconfig */,
			);
			name = Pods;
			sourceTree = "<group>";
		};
		F4DCE39E8B44EABE7550350F /* Frameworks */ = {
			isa = PBXGroup;
			children = (
				74D7E4784C67DF0B39A0042D /* Pods_CocoaPodsTest.framework */,
			);
			name = Frameworks;
			sourceTree = "<group>";
		};
		FA6E05CD1F7585F900C0FB56 = {
			isa = PBXGroup;
			children = (
				FA6E05D81F7585F900C0FB56 /* CocoaPodsTest */,
				FA6E05D71F7585F900C0FB56 /* Products */,
				2AAF2113AC75EEF8ED586E50 /* Pods */,
				F4DCE39E8B44EABE7550350F /* Frameworks */,
			);
			sourceTree = "<group>";
		};
		FA6E05D71F7585F900C0FB56 /* Products */ = {
			isa = PBXGroup;
			children = (
				FA6E05D61F7585F900C0FB56 /* CocoaPodsTest.app */,
			);
			name = Products;
			sourceTree = "<group>";
		};
		FA6E05D81F7585F900C0FB56 /* CocoaPodsTest */ = {
			isa = PBXGroup;
			children = (
				FA6E05D91F7585F900C0FB56 /* AppDelegate.swift */,
				FA6E05DB1F7585F900C0FB56 /* ViewController.swift */,
				FA6E05DD1F7585F900C0FB56 /* Main.storyboard */,
				FA6E05E01F7585F900C0FB56 /* Assets.xcassets */,
				FA6E05E21F7585F900C0FB56 /* LaunchScreen.storyboard */,
				FA6E05E51F7585F900C0FB56 /* Info.plist */,
			);
			path = CocoaPodsTest;
			sourceTree = "<group>";
		};
/* End PBXGroup section */

/* Begin PBXNativeTarget section */
		FA6E05D51F7585F900C0FB56 /* CocoaPodsTest */ = {
			isa = PBXNativeTarget;
			buildConfigurationList = FA6E05E81F7585F900C0FB56 /* Build configuration list for PBXNativeTarget "CocoaPodsTest" */;
			buildPhases = (
				9BAC7FB79A7EA9537FB664D1 /* [CP] Check Pods Manifest.lock */,
				FA6E05D21F7585F900C0FB56 /* Sources */,
				FA6E05D31F7585F900C0FB56 /* Frameworks */,
				FA6E05D41F7585F900C0FB56 /* Resources */,
				237A01C6683D95B6B7A771A6 /* [CP] Embed Pods Frameworks */,
				F11D233E9D6DD7BB1205849F /* [CP] Copy Pods Resources */,
			);
			buildRules = (
			);
			dependencies = (
			);
			name = CocoaPodsTest;
			productName = CocoaPodsTest;
			productReference = FA6E05D61F7585F900C0FB56 /* CocoaPodsTest.app */;
			productType = "com.apple.product-type.application";
		};
/* End PBXNativeTarget section */

/* Begin PBXProject section */
		FA6E05CE1F7585F900C0FB56 /* Project object */ = {
			isa = PBXProject;
			attributes = {
				LastSwiftUpdateCheck = 0830;
				LastUpgradeCheck = 0830;
				ORGANIZATIONNAME = "Momoko Nakada";
				TargetAttributes = {
					FA6E05D51F7585F900C0FB56 = {
						CreatedOnToolsVersion = 8.3.3;
						ProvisioningStyle = Automatic;
					};
				};
			};
			buildConfigurationList = FA6E05D11F7585F900C0FB56 /* Build configuration list for PBXProject "CocoaPodsTest" */;
			compatibilityVersion = "Xcode 3.2";
			developmentRegion = English;
			hasScannedForEncodings = 0;
			knownRegions = (
				en,
				Base,
			);
			mainGroup = FA6E05CD1F7585F900C0FB56;
			productRefGroup = FA6E05D71F7585F900C0FB56 /* Products */;
			projectDirPath = "";
			projectRoot = "";
			targets = (
				FA6E05D51F7585F900C0FB56 /* CocoaPodsTest */,
			);
		};
/* End PBXProject section */

/* Begin PBXResourcesBuildPhase section */
		FA6E05D41F7585F900C0FB56 /* Resources */ = {
			isa = PBXResourcesBuildPhase;
			buildActionMask = 2147483647;
			files = (
				FA6E05E41F7585F900C0FB56 /* LaunchScreen.storyboard in Resources */,
				FA6E05E11F7585F900C0FB56 /* Assets.xcassets in Resources */,
				FA6E05DF1F7585F900C0FB56 /* Main.storyboard in Resources */,
			);
			runOnlyForDeploymentPostprocessing = 0;
		};
/* End PBXResourcesBuildPhase section */

/* Begin PBXShellScriptBuildPhase section */
		237A01C6683D95B6B7A771A6 /* [CP] Embed Pods Frameworks */ = {
			isa = PBXShellScriptBuildPhase;
			buildActionMask = 2147483647;
			files = (
			);
			inputPaths = (
				"${SRCROOT}/Pods/Target Support Files/Pods-CocoaPodsTest/Pods-CocoaPodsTest-frameworks.sh",
				"${BUILT_PRODUCTS_DIR}/Pastel/Pastel.framework",
			);
			name = "[CP] Embed Pods Frameworks";
			outputPaths = (
				"${TARGET_BUILD_DIR}/${FRAMEWORKS_FOLDER_PATH}/Pastel.framework",
			);
			runOnlyForDeploymentPostprocessing = 0;
			shellPath = /bin/sh;
			shellScript = "\"${SRCROOT}/Pods/Target Support Files/Pods-CocoaPodsTest/Pods-CocoaPodsTest-frameworks.sh\"\n";
			showEnvVarsInLog = 0;
		};
		9BAC7FB79A7EA9537FB664D1 /* [CP] Check Pods Manifest.lock */ = {
			isa = PBXShellScriptBuildPhase;
			buildActionMask = 2147483647;
			files = (
			);
			inputPaths = (
				"${PODS_PODFILE_DIR_PATH}/Podfile.lock",
				"${PODS_ROOT}/Manifest.lock",
			);
			name = "[CP] Check Pods Manifest.lock";
			outputPaths = (
				"$(DERIVED_FILE_DIR)/Pods-CocoaPodsTest-checkManifestLockResult.txt",
			);
			runOnlyForDeploymentPostprocessing = 0;
			shellPath = /bin/sh;
			shellScript = "diff \"${PODS_PODFILE_DIR_PATH}/Podfile.lock\" \"${PODS_ROOT}/Manifest.lock\" > /dev/null\nif [ $? != 0 ] ; then\n    # print error to STDERR\n    echo \"error: The sandbox is not in sync with the Podfile.lock. Run 'pod install' or update your CocoaPods installation.\" >&2\n    exit 1\nfi\n# This output is used by Xcode 'outputs' to avoid re-running this script phase.\necho \"SUCCESS\" > \"${SCRIPT_OUTPUT_FILE_0}\"\n";
			showEnvVarsInLog = 0;
		};
		F11D233E9D6DD7BB1205849F /* [CP] Copy Pods Resources */ = {
			isa = PBXShellScriptBuildPhase;
			buildActionMask = 2147483647;
			files = (
			);
			inputPaths = (
			);
			name = "[CP] Copy Pods Resources";
			outputPaths = (
			);
			runOnlyForDeploymentPostprocessing = 0;
			shellPath = /bin/sh;
			shellScript = "\"${SRCROOT}/Pods/Target Support Files/Pods-CocoaPodsTest/Pods-CocoaPodsTest-resources.sh\"\n";
			showEnvVarsInLog = 0;
		};
/* End PBXShellScriptBuildPhase section */

/* Begin PBXSourcesBuildPhase section */
		FA6E05D21F7585F900C0FB56 /* Sources */ = {
			isa = PBXSourcesBuildPhase;
			buildActionMask = 2147483647;
			files = (
				FA6E05DC1F7585F900C0FB56 /* ViewController.swift in Sources */,
				FA6E05DA1F7585F900C0FB56 /* AppDelegate.swift in Sources */,
			);
			runOnlyForDeploymentPostprocessing = 0;
		};
/* End PBXSourcesBuildPhase section */

/* Begin PBXVariantGroup section */
		FA6E05DD1F7585F900C0FB56 /* Main.storyboard */ = {
			isa = PBXVariantGroup;
			children = (
				FA6E05DE1F7585F900C0FB56 /* Base */,
			);
			name = Main.storyboard;
			sourceTree = "<group>";
		};
		FA6E05E21F7585F900C0FB56 /* LaunchScreen.storyboard */ = {
			isa = PBXVariantGroup;
			children = (
				FA6E05E31F7585F900C0FB56 /* Base */,
			);
			name = LaunchScreen.storyboard;
			sourceTree = "<group>";
		};
/* End PBXVariantGroup section */

/* Begin XCBuildConfiguration section */
		FA6E05E61F7585F900C0FB56 /* Debug */ = {
			isa = XCBuildConfiguration;
			buildSettings = {
				ALWAYS_SEARCH_USER_PATHS = NO;
				CLANG_ANALYZER_NONNULL = YES;
				CLANG_ANALYZER_NUMBER_OBJECT_CONVERSION = YES_AGGRESSIVE;
				CLANG_CXX_LANGUAGE_STANDARD = "gnu++0x";
				CLANG_CXX_LIBRARY = "libc++";
				CLANG_ENABLE_MODULES = YES;
				CLANG_ENABLE_OBJC_ARC = YES;
				CLANG_WARN_BOOL_CONVERSION = YES;
				CLANG_WARN_CONSTANT_CONVERSION = YES;
				CLANG_WARN_DIRECT_OBJC_ISA_USAGE = YES_ERROR;
				CLANG_WARN_DOCUMENTATION_COMMENTS = YES;
				CLANG_WARN_EMPTY_BODY = YES;
				CLANG_WARN_ENUM_CONVERSION = YES;
				CLANG_WARN_INFINITE_RECURSION = YES;
				CLANG_WARN_INT_CONVERSION = YES;
				CLANG_WARN_OBJC_ROOT_CLASS = YES_ERROR;
				CLANG_WARN_SUSPICIOUS_MOVE = YES;
				CLANG_WARN_UNREACHABLE_CODE = YES;
				CLANG_WARN__DUPLICATE_METHOD_MATCH = YES;
				"CODE_SIGN_IDENTITY[sdk=iphoneos*]" = "iPhone Developer";
				COPY_PHASE_STRIP = NO;
				DEBUG_INFORMATION_FORMAT = dwarf;
				ENABLE_STRICT_OBJC_MSGSEND = YES;
				ENABLE_TESTABILITY = YES;
				GCC_C_LANGUAGE_STANDARD = gnu99;
				GCC_DYNAMIC_NO_PIC = NO;
				GCC_NO_COMMON_BLOCKS = YES;
				GCC_OPTIMIZATION_LEVEL = 0;
				GCC_PREPROCESSOR_DEFINITIONS = (
					"DEBUG=1",
					"$(inherited)",
				);
				GCC_WARN_64_TO_32_BIT_CONVERSION = YES;
				GCC_WARN_ABOUT_RETURN_TYPE = YES_ERROR;
				GCC_WARN_UNDECLARED_SELECTOR = YES;
				GCC_WARN_UNINITIALIZED_AUTOS = YES_AGGRESSIVE;
				GCC_WARN_UNUSED_FUNCTION = YES;
				GCC_WARN_UNUSED_VARIABLE = YES;
				IPHONEOS_DEPLOYMENT_TARGET = 10.3;
				MTL_ENABLE_DEBUG_INFO = YES;
				ONLY_ACTIVE_ARCH = YES;
				SDKROOT = iphoneos;
				SWIFT_ACTIVE_COMPILATION_CONDITIONS = DEBUG;
				SWIFT_OPTIMIZATION_LEVEL = "-Onone";
				TARGETED_DEVICE_FAMILY = "1,2";
			};
			name = Debug;
		};
		FA6E05E71F7585F900C0FB56 /* Release */ = {
			isa = XCBuildConfiguration;
			buildSettings = {
				ALWAYS_SEARCH_USER_PATHS = NO;
				CLANG_ANALYZER_NONNULL = YES;
				CLANG_ANALYZER_NUMBER_OBJECT_CONVERSION = YES_AGGRESSIVE;
				CLANG_CXX_LANGUAGE_STANDARD = "gnu++0x";
				CLANG_CXX_LIBRARY = "libc++";
				CLANG_ENABLE_MODULES = YES;
				CLANG_ENABLE_OBJC_ARC = YES;
				CLANG_WARN_BOOL_CONVERSION = YES;
				CLANG_WARN_CONSTANT_CONVERSION = YES;
				CLANG_WARN_DIRECT_OBJC_ISA_USAGE = YES_ERROR;
				CLANG_WARN_DOCUMENTATION_COMMENTS = YES;
				CLANG_WARN_EMPTY_BODY = YES;
				CLANG_WARN_ENUM_CONVERSION = YES;
				CLANG_WARN_INFINITE_RECURSION = YES;
				CLANG_WARN_INT_CONVERSION = YES;
				CLANG_WARN_OBJC_ROOT_CLASS = YES_ERROR;
				CLANG_WARN_SUSPICIOUS_MOVE = YES;
				CLANG_WARN_UNREACHABLE_CODE = YES;
				CLANG_WARN__DUPLICATE_METHOD_MATCH = YES;
				"CODE_SIGN_IDENTITY[sdk=iphoneos*]" = "iPhone Developer";
				COPY_PHASE_STRIP = NO;
				DEBUG_INFORMATION_FORMAT = "dwarf-with-dsym";
				ENABLE_NS_ASSERTIONS = NO;
				ENABLE_STRICT_OBJC_MSGSEND = YES;
				GCC_C_LANGUAGE_STANDARD = gnu99;
				GCC_NO_COMMON_BLOCKS = YES;
				GCC_WARN_64_TO_32_BIT_CONVERSION = YES;
				GCC_WARN_ABOUT_RETURN_TYPE = YES_ERROR;
				GCC_WARN_UNDECLARED_SELECTOR = YES;
				GCC_WARN_UNINITIALIZED_AUTOS = YES_AGGRESSIVE;
				GCC_WARN_UNUSED_FUNCTION = YES;
				GCC_WARN_UNUSED_VARIABLE = YES;
				IPHONEOS_DEPLOYMENT_TARGET = 10.3;
				MTL_ENABLE_DEBUG_INFO = NO;
				SDKROOT = iphoneos;
				SWIFT_OPTIMIZATION_LEVEL = "-Owholemodule";
				TARGETED_DEVICE_FAMILY = "1,2";
				VALIDATE_PRODUCT = YES;
			};
			name = Release;
		};
		FA6E05E91F7585F900C0FB56 /* Debug */ = {
			isa = XCBuildConfiguration;
			baseConfigurationReference = 083453EB7F08D253817063DF /* Pods-CocoaPodsTest.debug.xcconfig */;
			buildSettings = {
				ASSETCATALOG_COMPILER_APPICON_NAME = AppIcon;
				INFOPLIST_FILE = CocoaPodsTest/Info.plist;
				LD_RUNPATH_SEARCH_PATHS = "$(inherited) @executable_path/Frameworks";
				PRODUCT_BUNDLE_IDENTIFIER = com.example.CocoaPodsTest;
				PRODUCT_NAME = "$(TARGET_NAME)";
				SWIFT_VERSION = 3.0;
			};
			name = Debug;
		};
		FA6E05EA1F7585F900C0FB56 /* Release */ = {
			isa = XCBuildConfiguration;
			baseConfigurationReference = 36CAA5704C66686099D7D260 /* Pods-CocoaPodsTest.release.xcconfig */;
			buildSettings = {
				ASSETCATALOG_COMPILER_APPICON_NAME = AppIcon;
				INFOPLIST_FILE = CocoaPodsTest/Info.plist;
				LD_RUNPATH_SEARCH_PATHS = "$(inherited) @executable_path/Frameworks";
				PRODUCT_BUNDLE_IDENTIFIER = com.example.CocoaPodsTest;
				PRODUCT_NAME = "$(TARGET_NAME)";
				SWIFT_VERSION = 3.0;
			};
			name = Release;
		};
/* End XCBuildConfiguration section */

/* Begin XCConfigurationList section */
		FA6E05D11F7585F900C0FB56 /* Build configuration list for PBXProject "CocoaPodsTest" */ = {
			isa = XCConfigurationList;
			buildConfigurations = (
				FA6E05E61F7585F900C0FB56 /* Debug */,
				FA6E05E71F7585F900C0FB56 /* Release */,
			);
			defaultConfigurationIsVisible = 0;
			defaultConfigurationName = Release;
		};
		FA6E05E81F7585F900C0FB56 /* Build configuration list for PBXNativeTarget "CocoaPodsTest" */ = {
			isa = XCConfigurationList;
			buildConfigurations = (
				FA6E05E91F7585F900C0FB56 /* Debug */,
				FA6E05EA1F7585F900C0FB56 /* Release */,
			);
			defaultConfigurationIsVisible = 0;
		};
/* End XCConfigurationList section */
	};
	rootObject = FA6E05CE1F7585F900C0FB56 /* Project object */;
}
