// !$*UTF8*$!
{
	archiveVersion = 1;
	classes = {
	};
	objectVersion = 46;
	objects = {

/* Begin PBXBuildFile section */
		49E418BF1F7AD9DF0003CA03 /* AppDelegate.swift in Sources */ = {isa = PBXBuildFile; fileRef = 49E418BE1F7AD9DF0003CA03 /* AppDelegate.swift */; };
		49E418C41F7AD9E00003CA03 /* Main.storyboard in Resources */ = {isa = PBXBuildFile; fileRef = 49E418C21F7AD9E00003CA03 /* Main.storyboard */; };
		49E418C61F7AD9E00003CA03 /* Assets.xcassets in Resources */ = {isa = PBXBuildFile; fileRef = 49E418C51F7AD9E00003CA03 /* Assets.xcassets */; };
		49E418C91F7AD9E00003CA03 /* LaunchScreen.storyboard in Resources */ = {isa = PBXBuildFile; fileRef = 49E418C71F7AD9E00003CA03 /* LaunchScreen.storyboard */; };
		49E418D11F7ADA5A0003CA03 /* MyTableViewController.swift in Sources */ = {isa = PBXBuildFile; fileRef = 49E418D01F7ADA5A0003CA03 /* MyTableViewController.swift */; };
		49E418D31F7ADABD0003CA03 /* Country.swift in Sources */ = {isa = PBXBuildFile; fileRef = 49E418D21F7ADABD0003CA03 /* Country.swift */; };
		49E418D51F7ADB170003CA03 /* Continent.swift in Sources */ = {isa = PBXBuildFile; fileRef = 49E418D41F7ADB170003CA03 /* Continent.swift */; };
/* End PBXBuildFile section */

/* Begin PBXFileReference section */
		49E418BB1F7AD9DF0003CA03 /* TableViewDemo2.app */ = {isa = PBXFileReference; explicitFileType = wrapper.application; includeInIndex = 0; path = TableViewDemo2.app; sourceTree = BUILT_PRODUCTS_DIR; };
		49E418BE1F7AD9DF0003CA03 /* AppDelegate.swift */ = {isa = PBXFileReference; lastKnownFileType = sourcecode.swift; path = AppDelegate.swift; sourceTree = "<group>"; };
		49E418C31F7AD9E00003CA03 /* Base */ = {isa = PBXFileReference; lastKnownFileType = file.storyboard; name = Base; path = Base.lproj/Main.storyboard; sourceTree = "<group>"; };
		49E418C51F7AD9E00003CA03 /* Assets.xcassets */ = {isa = PBXFileReference; lastKnownFileType = folder.assetcatalog; path = Assets.xcassets; sourceTree = "<group>"; };
		49E418C81F7AD9E00003CA03 /* Base */ = {isa = PBXFileReference; lastKnownFileType = file.storyboard; name = Base; path = Base.lproj/LaunchScreen.storyboard; sourceTree = "<group>"; };
		49E418CA1F7AD9E10003CA03 /* Info.plist */ = {isa = PBXFileReference; lastKnownFileType = text.plist.xml; path = Info.plist; sourceTree = "<group>"; };
		49E418D01F7ADA5A0003CA03 /* MyTableViewController.swift */ = {isa = PBXFileReference; fileEncoding = 4; lastKnownFileType = sourcecode.swift; path = MyTableViewController.swift; sourceTree = "<group>"; };
		49E418D21F7ADABD0003CA03 /* Country.swift */ = {isa = PBXFileReference; fileEncoding = 4; lastKnownFileType = sourcecode.swift; path = Country.swift; sourceTree = "<group>"; };
		49E418D41F7ADB170003CA03 /* Continent.swift */ = {isa = PBXFileReference; fileEncoding = 4; lastKnownFileType = sourcecode.swift; path = Continent.swift; sourceTree = "<group>"; };
/* End PBXFileReference section */

/* Begin PBXFrameworksBuildPhase section */
		49E418B81F7AD9DF0003CA03 /* Frameworks */ = {
			isa = PBXFrameworksBuildPhase;
			buildActionMask = 2147483647;
			files = (
			);
			runOnlyForDeploymentPostprocessing = 0;
		};
/* End PBXFrameworksBuildPhase section */

/* Begin PBXGroup section */
		49E418B21F7AD9DF0003CA03 = {
			isa = PBXGroup;
			children = (
				49E418BD1F7AD9DF0003CA03 /* TableViewDemo2 */,
				49E418BC1F7AD9DF0003CA03 /* Products */,
			);
			sourceTree = "<group>";
		};
		49E418BC1F7AD9DF0003CA03 /* Products */ = {
			isa = PBXGroup;
			children = (
				49E418BB1F7AD9DF0003CA03 /* TableViewDemo2.app */,
			);
			name = Products;
			sourceTree = "<group>";
		};
		49E418BD1F7AD9DF0003CA03 /* TableViewDemo2 */ = {
			isa = PBXGroup;
			children = (
				49E418BE1F7AD9DF0003CA03 /* AppDelegate.swift */,
				49E418C21F7AD9E00003CA03 /* Main.storyboard */,
				49E418C51F7AD9E00003CA03 /* Assets.xcassets */,
				49E418C71F7AD9E00003CA03 /* LaunchScreen.storyboard */,
				49E418CA1F7AD9E10003CA03 /* Info.plist */,
				49E418D01F7ADA5A0003CA03 /* MyTableViewController.swift */,
				49E418D21F7ADABD0003CA03 /* Country.swift */,
				49E418D41F7ADB170003CA03 /* Continent.swift */,
			);
			path = TableViewDemo2;
			sourceTree = "<group>";
		};
/* End PBXGroup section */

/* Begin PBXNativeTarget section */
		49E418BA1F7AD9DF0003CA03 /* TableViewDemo2 */ = {
			isa = PBXNativeTarget;
			buildConfigurationList = 49E418CD1F7AD9E10003CA03 /* Build configuration list for PBXNativeTarget "TableViewDemo2" */;
			buildPhases = (
				49E418B71F7AD9DF0003CA03 /* Sources */,
				49E418B81F7AD9DF0003CA03 /* Frameworks */,
				49E418B91F7AD9DF0003CA03 /* Resources */,
			);
			buildRules = (
			);
			dependencies = (
			);
			name = TableViewDemo2;
			productName = TableViewDemo2;
			productReference = 49E418BB1F7AD9DF0003CA03 /* TableViewDemo2.app */;
			productType = "com.apple.product-type.application";
		};
/* End PBXNativeTarget section */

/* Begin PBXProject section */
		49E418B31F7AD9DF0003CA03 /* Project object */ = {
			isa = PBXProject;
			attributes = {
				LastSwiftUpdateCheck = 0830;
				LastUpgradeCheck = 0830;
				ORGANIZATIONNAME = com.Derrick;
				TargetAttributes = {
					49E418BA1F7AD9DF0003CA03 = {
						CreatedOnToolsVersion = 8.3.3;
						ProvisioningStyle = Automatic;
					};
				};
			};
			buildConfigurationList = 49E418B61F7AD9DF0003CA03 /* Build configuration list for PBXProject "TableViewDemo2" */;
			compatibilityVersion = "Xcode 3.2";
			developmentRegion = English;
			hasScannedForEncodings = 0;
			knownRegions = (
				en,
				Base,
			);
			mainGroup = 49E418B21F7AD9DF0003CA03;
			productRefGroup = 49E418BC1F7AD9DF0003CA03 /* Products */;
			projectDirPath = "";
			projectRoot = "";
			targets = (
				49E418BA1F7AD9DF0003CA03 /* TableViewDemo2 */,
			);
		};
/* End PBXProject section */

/* Begin PBXResourcesBuildPhase section */
		49E418B91F7AD9DF0003CA03 /* Resources */ = {
			isa = PBXResourcesBuildPhase;
			buildActionMask = 2147483647;
			files = (
				49E418C91F7AD9E00003CA03 /* LaunchScreen.storyboard in Resources */,
				49E418C61F7AD9E00003CA03 /* Assets.xcassets in Resources */,
				49E418C41F7AD9E00003CA03 /* Main.storyboard in Resources */,
			);
			runOnlyForDeploymentPostprocessing = 0;
		};
/* End PBXResourcesBuildPhase section */

/* Begin PBXSourcesBuildPhase section */
		49E418B71F7AD9DF0003CA03 /* Sources */ = {
			isa = PBXSourcesBuildPhase;
			buildActionMask = 2147483647;
			files = (
				49E418D31F7ADABD0003CA03 /* Country.swift in Sources */,
				49E418D51F7ADB170003CA03 /* Continent.swift in Sources */,
				49E418D11F7ADA5A0003CA03 /* MyTableViewController.swift in Sources */,
				49E418BF1F7AD9DF0003CA03 /* AppDelegate.swift in Sources */,
			);
			runOnlyForDeploymentPostprocessing = 0;
		};
/* End PBXSourcesBuildPhase section */

/* Begin PBXVariantGroup section */
		49E418C21F7AD9E00003CA03 /* Main.storyboard */ = {
			isa = PBXVariantGroup;
			children = (
				49E418C31F7AD9E00003CA03 /* Base */,
			);
			name = Main.storyboard;
			sourceTree = "<group>";
		};
		49E418C71F7AD9E00003CA03 /* LaunchScreen.storyboard */ = {
			isa = PBXVariantGroup;
			children = (
				49E418C81F7AD9E00003CA03 /* Base */,
			);
			name = LaunchScreen.storyboard;
			sourceTree = "<group>";
		};
/* End PBXVariantGroup section */

/* Begin XCBuildConfiguration section */
		49E418CB1F7AD9E10003CA03 /* Debug */ = {
			isa = XCBuildConfiguration;
			buildSettings = {
				ALWAYS_SEARCH_USER_PATHS = NO;
				CLANG_ANALYZER_NONNULL = YES;
				CLANG_ANALYZER_NUMBER_OBJECT_CONVERSION = YES_AGGRESSIVE;
				CLANG_CXX_LANGUAGE_STANDARD = "gnu++0x";
				CLANG_CXX_LIBRARY = "libc++";
				CLANG_ENABLE_MODULES = YES;
				CLANG_ENABLE_OBJC_ARC = YES;
				CLANG_WARN_BOOL_CONVERSION = YES;
				CLANG_WARN_CONSTANT_CONVERSION = YES;
				CLANG_WARN_DIRECT_OBJC_ISA_USAGE = YES_ERROR;
				CLANG_WARN_DOCUMENTATION_COMMENTS = YES;
				CLANG_WARN_EMPTY_BODY = YES;
				CLANG_WARN_ENUM_CONVERSION = YES;
				CLANG_WARN_INFINITE_RECURSION = YES;
				CLANG_WARN_INT_CONVERSION = YES;
				CLANG_WARN_OBJC_ROOT_CLASS = YES_ERROR;
				CLANG_WARN_SUSPICIOUS_MOVE = YES;
				CLANG_WARN_UNREACHABLE_CODE = YES;
				CLANG_WARN__DUPLICATE_METHOD_MATCH = YES;
				"CODE_SIGN_IDENTITY[sdk=iphoneos*]" = "iPhone Developer";
				COPY_PHASE_STRIP = NO;
				DEBUG_INFORMATION_FORMAT = dwarf;
				ENABLE_STRICT_OBJC_MSGSEND = YES;
				ENABLE_TESTABILITY = YES;
				GCC_C_LANGUAGE_STANDARD = gnu99;
				GCC_DYNAMIC_NO_PIC = NO;
				GCC_NO_COMMON_BLOCKS = YES;
				GCC_OPTIMIZATION_LEVEL = 0;
				GCC_PREPROCESSOR_DEFINITIONS = (
					"DEBUG=1",
					"$(inherited)",
				);
				GCC_WARN_64_TO_32_BIT_CONVERSION = YES;
				GCC_WARN_ABOUT_RETURN_TYPE = YES_ERROR;
				GCC_WARN_UNDECLARED_SELECTOR = YES;
				GCC_WARN_UNINITIALIZED_AUTOS = YES_AGGRESSIVE;
				GCC_WARN_UNUSED_FUNCTION = YES;
				GCC_WARN_UNUSED_VARIABLE = YES;
				IPHONEOS_DEPLOYMENT_TARGET = 10.3;
				MTL_ENABLE_DEBUG_INFO = YES;
				ONLY_ACTIVE_ARCH = YES;
				SDKROOT = iphoneos;
				SWIFT_ACTIVE_COMPILATION_CONDITIONS = DEBUG;
				SWIFT_OPTIMIZATION_LEVEL = "-Onone";
			};
			name = Debug;
		};
		49E418CC1F7AD9E10003CA03 /* Release */ = {
			isa = XCBuildConfiguration;
			buildSettings = {
				ALWAYS_SEARCH_USER_PATHS = NO;
				CLANG_ANALYZER_NONNULL = YES;
				CLANG_ANALYZER_NUMBER_OBJECT_CONVERSION = YES_AGGRESSIVE;
				CLANG_CXX_LANGUAGE_STANDARD = "gnu++0x";
				CLANG_CXX_LIBRARY = "libc++";
				CLANG_ENABLE_MODULES = YES;
				CLANG_ENABLE_OBJC_ARC = YES;
				CLANG_WARN_BOOL_CONVERSION = YES;
				CLANG_WARN_CONSTANT_CONVERSION = YES;
				CLANG_WARN_DIRECT_OBJC_ISA_USAGE = YES_ERROR;
				CLANG_WARN_DOCUMENTATION_COMMENTS = YES;
				CLANG_WARN_EMPTY_BODY = YES;
				CLANG_WARN_ENUM_CONVERSION = YES;
				CLANG_WARN_INFINITE_RECURSION = YES;
				CLANG_WARN_INT_CONVERSION = YES;
				CLANG_WARN_OBJC_ROOT_CLASS = YES_ERROR;
				CLANG_WARN_SUSPICIOUS_MOVE = YES;
				CLANG_WARN_UNREACHABLE_CODE = YES;
				CLANG_WARN__DUPLICATE_METHOD_MATCH = YES;
				"CODE_SIGN_IDENTITY[sdk=iphoneos*]" = "iPhone Developer";
				COPY_PHASE_STRIP = NO;
				DEBUG_INFORMATION_FORMAT = "dwarf-with-dsym";
				ENABLE_NS_ASSERTIONS = NO;
				ENABLE_STRICT_OBJC_MSGSEND = YES;
				GCC_C_LANGUAGE_STANDARD = gnu99;
				GCC_NO_COMMON_BLOCKS = YES;
				GCC_WARN_64_TO_32_BIT_CONVERSION = YES;
				GCC_WARN_ABOUT_RETURN_TYPE = YES_ERROR;
				GCC_WARN_UNDECLARED_SELECTOR = YES;
				GCC_WARN_UNINITIALIZED_AUTOS = YES_AGGRESSIVE;
				GCC_WARN_UNUSED_FUNCTION = YES;
				GCC_WARN_UNUSED_VARIABLE = YES;
				IPHONEOS_DEPLOYMENT_TARGET = 10.3;
				MTL_ENABLE_DEBUG_INFO = NO;
				SDKROOT = iphoneos;
				SWIFT_OPTIMIZATION_LEVEL = "-Owholemodule";
				VALIDATE_PRODUCT = YES;
			};
			name = Release;
		};
		49E418CE1F7AD9E10003CA03 /* Debug */ = {
			isa = XCBuildConfiguration;
			buildSettings = {
				ASSETCATALOG_COMPILER_APPICON_NAME = AppIcon;
				INFOPLIST_FILE = TableViewDemo2/Info.plist;
				LD_RUNPATH_SEARCH_PATHS = "$(inherited) @executable_path/Frameworks";
				PRODUCT_BUNDLE_IDENTIFIER = com.Derrick.TableViewDemo2;
				PRODUCT_NAME = "$(TARGET_NAME)";
				SWIFT_VERSION = 3.0;
			};
			name = Debug;
		};
		49E418CF1F7AD9E10003CA03 /* Release */ = {
			isa = XCBuildConfiguration;
			buildSettings = {
				ASSETCATALOG_COMPILER_APPICON_NAME = AppIcon;
				INFOPLIST_FILE = TableViewDemo2/Info.plist;
				LD_RUNPATH_SEARCH_PATHS = "$(inherited) @executable_path/Frameworks";
				PRODUCT_BUNDLE_IDENTIFIER = com.Derrick.TableViewDemo2;
				PRODUCT_NAME = "$(TARGET_NAME)";
				SWIFT_VERSION = 3.0;
			};
			name = Release;
		};
/* End XCBuildConfiguration section */

/* Begin XCConfigurationList section */
		49E418B61F7AD9DF0003CA03 /* Build configuration list for PBXProject "TableViewDemo2" */ = {
			isa = XCConfigurationList;
			buildConfigurations = (
				49E418CB1F7AD9E10003CA03 /* Debug */,
				49E418CC1F7AD9E10003CA03 /* Release */,
			);
			defaultConfigurationIsVisible = 0;
			defaultConfigurationName = Release;
		};
		49E418CD1F7AD9E10003CA03 /* Build configuration list for PBXNativeTarget "TableViewDemo2" */ = {
			isa = XCConfigurationList;
			buildConfigurations = (
				49E418CE1F7AD9E10003CA03 /* Debug */,
				49E418CF1F7AD9E10003CA03 /* Release */,
			);
			defaultConfigurationIsVisible = 0;
		};
/* End XCConfigurationList section */
	};
	rootObject = 49E418B31F7AD9DF0003CA03 /* Project object */;
}
