// !$*UTF8*$!
{
	archiveVersion = 1;
	classes = {
	};
	objectVersion = 48;
	objects = {

/* Begin PBXBuildFile section */
		FA38E0B71F7C3200004CF17B /* AppDelegate.swift in Sources */ = {isa = PBXBuildFile; fileRef = FA38E0B61F7C3200004CF17B /* AppDelegate.swift */; };
		FA38E0BC1F7C3200004CF17B /* Main.storyboard in Resources */ = {isa = PBXBuildFile; fileRef = FA38E0BA1F7C3200004CF17B /* Main.storyboard */; };
		FA38E0BE1F7C3200004CF17B /* Assets.xcassets in Resources */ = {isa = PBXBuildFile; fileRef = FA38E0BD1F7C3200004CF17B /* Assets.xcassets */; };
		FA38E0C11F7C3200004CF17B /* LaunchScreen.storyboard in Resources */ = {isa = PBXBuildFile; fileRef = FA38E0BF1F7C3200004CF17B /* LaunchScreen.storyboard */; };
		FA38E0C91F7C322B004CF17B /* TableViewController.swift in Sources */ = {isa = PBXBuildFile; fileRef = FA38E0C81F7C322B004CF17B /* TableViewController.swift */; };
		FA38E0CB1F7C3F6C004CF17B /* CustomTableViewCell.swift in Sources */ = {isa = PBXBuildFile; fileRef = FA38E0CA1F7C3F6C004CF17B /* CustomTableViewCell.swift */; };
/* End PBXBuildFile section */

/* Begin PBXFileReference section */
		FA38E0B31F7C3200004CF17B /* MyTableViewController.app */ = {isa = PBXFileReference; explicitFileType = wrapper.application; includeInIndex = 0; path = MyTableViewController.app; sourceTree = BUILT_PRODUCTS_DIR; };
		FA38E0B61F7C3200004CF17B /* AppDelegate.swift */ = {isa = PBXFileReference; lastKnownFileType = sourcecode.swift; path = AppDelegate.swift; sourceTree = "<group>"; };
		FA38E0BB1F7C3200004CF17B /* Base */ = {isa = PBXFileReference; lastKnownFileType = file.storyboard; name = Base; path = Base.lproj/Main.storyboard; sourceTree = "<group>"; };
		FA38E0BD1F7C3200004CF17B /* Assets.xcassets */ = {isa = PBXFileReference; lastKnownFileType = folder.assetcatalog; path = Assets.xcassets; sourceTree = "<group>"; };
		FA38E0C01F7C3200004CF17B /* Base */ = {isa = PBXFileReference; lastKnownFileType = file.storyboard; name = Base; path = Base.lproj/LaunchScreen.storyboard; sourceTree = "<group>"; };
		FA38E0C21F7C3200004CF17B /* Info.plist */ = {isa = PBXFileReference; lastKnownFileType = text.plist.xml; path = Info.plist; sourceTree = "<group>"; };
		FA38E0C81F7C322B004CF17B /* TableViewController.swift */ = {isa = PBXFileReference; lastKnownFileType = sourcecode.swift; path = TableViewController.swift; sourceTree = "<group>"; };
		FA38E0CA1F7C3F6C004CF17B /* CustomTableViewCell.swift */ = {isa = PBXFileReference; lastKnownFileType = sourcecode.swift; path = CustomTableViewCell.swift; sourceTree = "<group>"; };
/* End PBXFileReference section */

/* Begin PBXFrameworksBuildPhase section */
		FA38E0B01F7C3200004CF17B /* Frameworks */ = {
			isa = PBXFrameworksBuildPhase;
			buildActionMask = 2147483647;
			files = (
			);
			runOnlyForDeploymentPostprocessing = 0;
		};
/* End PBXFrameworksBuildPhase section */

/* Begin PBXGroup section */
		FA38E0AA1F7C3200004CF17B = {
			isa = PBXGroup;
			children = (
				FA38E0B51F7C3200004CF17B /* MyTableViewController */,
				FA38E0B41F7C3200004CF17B /* Products */,
			);
			sourceTree = "<group>";
		};
		FA38E0B41F7C3200004CF17B /* Products */ = {
			isa = PBXGroup;
			children = (
				FA38E0B31F7C3200004CF17B /* MyTableViewController.app */,
			);
			name = Products;
			sourceTree = "<group>";
		};
		FA38E0B51F7C3200004CF17B /* MyTableViewController */ = {
			isa = PBXGroup;
			children = (
				FA38E0C81F7C322B004CF17B /* TableViewController.swift */,
				FA38E0CA1F7C3F6C004CF17B /* CustomTableViewCell.swift */,
				FA38E0BA1F7C3200004CF17B /* Main.storyboard */,
				FA38E0BD1F7C3200004CF17B /* Assets.xcassets */,
				FA38E0B61F7C3200004CF17B /* AppDelegate.swift */,
				FA38E0BF1F7C3200004CF17B /* LaunchScreen.storyboard */,
				FA38E0C21F7C3200004CF17B /* Info.plist */,
			);
			path = MyTableViewController;
			sourceTree = "<group>";
		};
/* End PBXGroup section */

/* Begin PBXNativeTarget section */
		FA38E0B21F7C3200004CF17B /* MyTableViewController */ = {
			isa = PBXNativeTarget;
			buildConfigurationList = FA38E0C51F7C3200004CF17B /* Build configuration list for PBXNativeTarget "MyTableViewController" */;
			buildPhases = (
				FA38E0AF1F7C3200004CF17B /* Sources */,
				FA38E0B01F7C3200004CF17B /* Frameworks */,
				FA38E0B11F7C3200004CF17B /* Resources */,
			);
			buildRules = (
			);
			dependencies = (
			);
			name = MyTableViewController;
			productName = MyTableViewController;
			productReference = FA38E0B31F7C3200004CF17B /* MyTableViewController.app */;
			productType = "com.apple.product-type.application";
		};
/* End PBXNativeTarget section */

/* Begin PBXProject section */
		FA38E0AB1F7C3200004CF17B /* Project object */ = {
			isa = PBXProject;
			attributes = {
				LastSwiftUpdateCheck = 0900;
				LastUpgradeCheck = 0900;
				ORGANIZATIONNAME = "Momoko Nakada";
				TargetAttributes = {
					FA38E0B21F7C3200004CF17B = {
						CreatedOnToolsVersion = 9.0;
						ProvisioningStyle = Automatic;
					};
				};
			};
			buildConfigurationList = FA38E0AE1F7C3200004CF17B /* Build configuration list for PBXProject "MyTableViewController" */;
			compatibilityVersion = "Xcode 8.0";
			developmentRegion = en;
			hasScannedForEncodings = 0;
			knownRegions = (
				en,
				Base,
			);
			mainGroup = FA38E0AA1F7C3200004CF17B;
			productRefGroup = FA38E0B41F7C3200004CF17B /* Products */;
			projectDirPath = "";
			projectRoot = "";
			targets = (
				FA38E0B21F7C3200004CF17B /* MyTableViewController */,
			);
		};
/* End PBXProject section */

/* Begin PBXResourcesBuildPhase section */
		FA38E0B11F7C3200004CF17B /* Resources */ = {
			isa = PBXResourcesBuildPhase;
			buildActionMask = 2147483647;
			files = (
				FA38E0C11F7C3200004CF17B /* LaunchScreen.storyboard in Resources */,
				FA38E0BE1F7C3200004CF17B /* Assets.xcassets in Resources */,
				FA38E0BC1F7C3200004CF17B /* Main.storyboard in Resources */,
			);
			runOnlyForDeploymentPostprocessing = 0;
		};
/* End PBXResourcesBuildPhase section */

/* Begin PBXSourcesBuildPhase section */
		FA38E0AF1F7C3200004CF17B /* Sources */ = {
			isa = PBXSourcesBuildPhase;
			buildActionMask = 2147483647;
			files = (
				FA38E0C91F7C322B004CF17B /* TableViewController.swift in Sources */,
				FA38E0CB1F7C3F6C004CF17B /* CustomTableViewCell.swift in Sources */,
				FA38E0B71F7C3200004CF17B /* AppDelegate.swift in Sources */,
			);
			runOnlyForDeploymentPostprocessing = 0;
		};
/* End PBXSourcesBuildPhase section */

/* Begin PBXVariantGroup section */
		FA38E0BA1F7C3200004CF17B /* Main.storyboard */ = {
			isa = PBXVariantGroup;
			children = (
				FA38E0BB1F7C3200004CF17B /* Base */,
			);
			name = Main.storyboard;
			sourceTree = "<group>";
		};
		FA38E0BF1F7C3200004CF17B /* LaunchScreen.storyboard */ = {
			isa = PBXVariantGroup;
			children = (
				FA38E0C01F7C3200004CF17B /* Base */,
			);
			name = LaunchScreen.storyboard;
			sourceTree = "<group>";
		};
/* End PBXVariantGroup section */

/* Begin XCBuildConfiguration section */
		FA38E0C31F7C3200004CF17B /* Debug */ = {
			isa = XCBuildConfiguration;
			buildSettings = {
				ALWAYS_SEARCH_USER_PATHS = NO;
				CLANG_ANALYZER_NONNULL = YES;
				CLANG_ANALYZER_NUMBER_OBJECT_CONVERSION = YES_AGGRESSIVE;
				CLANG_CXX_LANGUAGE_STANDARD = "gnu++14";
				CLANG_CXX_LIBRARY = "libc++";
				CLANG_ENABLE_MODULES = YES;
				CLANG_ENABLE_OBJC_ARC = YES;
				CLANG_WARN_BLOCK_CAPTURE_AUTORELEASING = YES;
				CLANG_WARN_BOOL_CONVERSION = YES;
				CLANG_WARN_COMMA = YES;
				CLANG_WARN_CONSTANT_CONVERSION = YES;
				CLANG_WARN_DIRECT_OBJC_ISA_USAGE = YES_ERROR;
				CLANG_WARN_DOCUMENTATION_COMMENTS = YES;
				CLANG_WARN_EMPTY_BODY = YES;
				CLANG_WARN_ENUM_CONVERSION = YES;
				CLANG_WARN_INFINITE_RECURSION = YES;
				CLANG_WARN_INT_CONVERSION = YES;
				CLANG_WARN_NON_LITERAL_NULL_CONVERSION = YES;
				CLANG_WARN_OBJC_LITERAL_CONVERSION = YES;
				CLANG_WARN_OBJC_ROOT_CLASS = YES_ERROR;
				CLANG_WARN_RANGE_LOOP_ANALYSIS = YES;
				CLANG_WARN_STRICT_PROTOTYPES = YES;
				CLANG_WARN_SUSPICIOUS_MOVE = YES;
				CLANG_WARN_UNGUARDED_AVAILABILITY = YES_AGGRESSIVE;
				CLANG_WARN_UNREACHABLE_CODE = YES;
				CLANG_WARN__DUPLICATE_METHOD_MATCH = YES;
				CODE_SIGN_IDENTITY = "iPhone Developer";
				COPY_PHASE_STRIP = NO;
				DEBUG_INFORMATION_FORMAT = dwarf;
				ENABLE_STRICT_OBJC_MSGSEND = YES;
				ENABLE_TESTABILITY = YES;
				GCC_C_LANGUAGE_STANDARD = gnu11;
				GCC_DYNAMIC_NO_PIC = NO;
				GCC_NO_COMMON_BLOCKS = YES;
				GCC_OPTIMIZATION_LEVEL = 0;
				GCC_PREPROCESSOR_DEFINITIONS = (
					"DEBUG=1",
					"$(inherited)",
				);
				GCC_WARN_64_TO_32_BIT_CONVERSION = YES;
				GCC_WARN_ABOUT_RETURN_TYPE = YES_ERROR;
				GCC_WARN_UNDECLARED_SELECTOR = YES;
				GCC_WARN_UNINITIALIZED_AUTOS = YES_AGGRESSIVE;
				GCC_WARN_UNUSED_FUNCTION = YES;
				GCC_WARN_UNUSED_VARIABLE = YES;
				IPHONEOS_DEPLOYMENT_TARGET = 11.0;
				MTL_ENABLE_DEBUG_INFO = YES;
				ONLY_ACTIVE_ARCH = YES;
				SDKROOT = iphoneos;
				SWIFT_ACTIVE_COMPILATION_CONDITIONS = DEBUG;
				SWIFT_OPTIMIZATION_LEVEL = "-Onone";
			};
			name = Debug;
		};
		FA38E0C41F7C3200004CF17B /* Release */ = {
			isa = XCBuildConfiguration;
			buildSettings = {
				ALWAYS_SEARCH_USER_PATHS = NO;
				CLANG_ANALYZER_NONNULL = YES;
				CLANG_ANALYZER_NUMBER_OBJECT_CONVERSION = YES_AGGRESSIVE;
				CLANG_CXX_LANGUAGE_STANDARD = "gnu++14";
				CLANG_CXX_LIBRARY = "libc++";
				CLANG_ENABLE_MODULES = YES;
				CLANG_ENABLE_OBJC_ARC = YES;
				CLANG_WARN_BLOCK_CAPTURE_AUTORELEASING = YES;
				CLANG_WARN_BOOL_CONVERSION = YES;
				CLANG_WARN_COMMA = YES;
				CLANG_WARN_CONSTANT_CONVERSION = YES;
				CLANG_WARN_DIRECT_OBJC_ISA_USAGE = YES_ERROR;
				CLANG_WARN_DOCUMENTATION_COMMENTS = YES;
				CLANG_WARN_EMPTY_BODY = YES;
				CLANG_WARN_ENUM_CONVERSION = YES;
				CLANG_WARN_INFINITE_RECURSION = YES;
				CLANG_WARN_INT_CONVERSION = YES;
				CLANG_WARN_NON_LITERAL_NULL_CONVERSION = YES;
				CLANG_WARN_OBJC_LITERAL_CONVERSION = YES;
				CLANG_WARN_OBJC_ROOT_CLASS = YES_ERROR;
				CLANG_WARN_RANGE_LOOP_ANALYSIS = YES;
				CLANG_WARN_STRICT_PROTOTYPES = YES;
				CLANG_WARN_SUSPICIOUS_MOVE = YES;
				CLANG_WARN_UNGUARDED_AVAILABILITY = YES_AGGRESSIVE;
				CLANG_WARN_UNREACHABLE_CODE = YES;
				CLANG_WARN__DUPLICATE_METHOD_MATCH = YES;
				CODE_SIGN_IDENTITY = "iPhone Developer";
				COPY_PHASE_STRIP = NO;
				DEBUG_INFORMATION_FORMAT = "dwarf-with-dsym";
				ENABLE_NS_ASSERTIONS = NO;
				ENABLE_STRICT_OBJC_MSGSEND = YES;
				GCC_C_LANGUAGE_STANDARD = gnu11;
				GCC_NO_COMMON_BLOCKS = YES;
				GCC_WARN_64_TO_32_BIT_CONVERSION = YES;
				GCC_WARN_ABOUT_RETURN_TYPE = YES_ERROR;
				GCC_WARN_UNDECLARED_SELECTOR = YES;
				GCC_WARN_UNINITIALIZED_AUTOS = YES_AGGRESSIVE;
				GCC_WARN_UNUSED_FUNCTION = YES;
				GCC_WARN_UNUSED_VARIABLE = YES;
				IPHONEOS_DEPLOYMENT_TARGET = 11.0;
				MTL_ENABLE_DEBUG_INFO = NO;
				SDKROOT = iphoneos;
				SWIFT_OPTIMIZATION_LEVEL = "-Owholemodule";
				VALIDATE_PRODUCT = YES;
			};
			name = Release;
		};
		FA38E0C61F7C3200004CF17B /* Debug */ = {
			isa = XCBuildConfiguration;
			buildSettings = {
				ASSETCATALOG_COMPILER_APPICON_NAME = AppIcon;
				"CODE_SIGN_IDENTITY[sdk=iphoneos*]" = "iPhone Developer";
				CODE_SIGN_STYLE = Automatic;
				DEVELOPMENT_TEAM = "";
				INFOPLIST_FILE = MyTableViewController/Info.plist;
				LD_RUNPATH_SEARCH_PATHS = "$(inherited) @executable_path/Frameworks";
				PRODUCT_BUNDLE_IDENTIFIER = com.example.MyTableViewController;
				PRODUCT_NAME = "$(TARGET_NAME)";
				PROVISIONING_PROFILE_SPECIFIER = "";
				SWIFT_VERSION = 4.0;
				TARGETED_DEVICE_FAMILY = "1,2";
			};
			name = Debug;
		};
		FA38E0C71F7C3200004CF17B /* Release */ = {
			isa = XCBuildConfiguration;
			buildSettings = {
				ASSETCATALOG_COMPILER_APPICON_NAME = AppIcon;
				"CODE_SIGN_IDENTITY[sdk=iphoneos*]" = "iPhone Developer";
				CODE_SIGN_STYLE = Automatic;
				DEVELOPMENT_TEAM = "";
				INFOPLIST_FILE = MyTableViewController/Info.plist;
				LD_RUNPATH_SEARCH_PATHS = "$(inherited) @executable_path/Frameworks";
				PRODUCT_BUNDLE_IDENTIFIER = com.example.MyTableViewController;
				PRODUCT_NAME = "$(TARGET_NAME)";
				PROVISIONING_PROFILE_SPECIFIER = "";
				SWIFT_VERSION = 4.0;
				TARGETED_DEVICE_FAMILY = "1,2";
			};
			name = Release;
		};
/* End XCBuildConfiguration section */

/* Begin XCConfigurationList section */
		FA38E0AE1F7C3200004CF17B /* Build configuration list for PBXProject "MyTableViewController" */ = {
			isa = XCConfigurationList;
			buildConfigurations = (
				FA38E0C31F7C3200004CF17B /* Debug */,
				FA38E0C41F7C3200004CF17B /* Release */,
			);
			defaultConfigurationIsVisible = 0;
			defaultConfigurationName = Release;
		};
		FA38E0C51F7C3200004CF17B /* Build configuration list for PBXNativeTarget "MyTableViewController" */ = {
			isa = XCConfigurationList;
			buildConfigurations = (
				FA38E0C61F7C3200004CF17B /* Debug */,
				FA38E0C71F7C3200004CF17B /* Release */,
			);
			defaultConfigurationIsVisible = 0;
			defaultConfigurationName = Release;
		};
/* End XCConfigurationList section */
	};
	rootObject = FA38E0AB1F7C3200004CF17B /* Project object */;
}
